// !$*UTF8*$!
{
	archiveVersion = 1;
	classes = {
	};
	objectVersion = 50;
	objects = {

/* Begin PBXBuildFile section */
		83465DDD21E051D800162D78 /* j_t1.json in Resources */ = {isa = PBXBuildFile; fileRef = 83465DDC21E051D800162D78 /* j_t1.json */; };
		834D478F21DF2755008EDBFA /* SH_ty2.json in Resources */ = {isa = PBXBuildFile; fileRef = 834D478E21DF2755008EDBFA /* SH_ty2.json */; };
		8350A44821EAB7BC00B3DA5A /* PlanetMaking.swift in Sources */ = {isa = PBXBuildFile; fileRef = 8350A44721EAB7BC00B3DA5A /* PlanetMaking.swift */; };
		8350A44A21EAC9F500B3DA5A /* EndlessGird.swift in Sources */ = {isa = PBXBuildFile; fileRef = 8350A44921EAC9F500B3DA5A /* EndlessGird.swift */; };
		83649CA121E300B4003177FA /* XuGameClass.swift in Sources */ = {isa = PBXBuildFile; fileRef = 83649CA021E300B4003177FA /* XuGameClass.swift */; };
		83649CA321E33EE2003177FA /* File.stringsdict in Resources */ = {isa = PBXBuildFile; fileRef = 83649CA221E33EE2003177FA /* File.stringsdict */; };
		83649CA821E60347003177FA /* MyTileSet.sks in Resources */ = {isa = PBXBuildFile; fileRef = 83649CA721E60347003177FA /* MyTileSet.sks */; };
		83649CAA21E6C8B5003177FA /* t1.swift in Sources */ = {isa = PBXBuildFile; fileRef = 83649CA921E6C8B5003177FA /* t1.swift */; };
		83649CAC21E82CD7003177FA /* StartScene.swift in Sources */ = {isa = PBXBuildFile; fileRef = 83649CAB21E82CD7003177FA /* StartScene.swift */; };
		83649CAF21E83072003177FA /* StartViewController.swift in Sources */ = {isa = PBXBuildFile; fileRef = 83649CAE21E83072003177FA /* StartViewController.swift */; };
		8384A0C721DCBEC500BAA9B6 /* AppDelegate.swift in Sources */ = {isa = PBXBuildFile; fileRef = 8384A0C621DCBEC500BAA9B6 /* AppDelegate.swift */; };
		8384A0C921DCBEC500BAA9B6 /* GameScene.sks in Resources */ = {isa = PBXBuildFile; fileRef = 8384A0C821DCBEC500BAA9B6 /* GameScene.sks */; };
		8384A0CB21DCBEC500BAA9B6 /* Actions.sks in Resources */ = {isa = PBXBuildFile; fileRef = 8384A0CA21DCBEC500BAA9B6 /* Actions.sks */; };
		8384A0CD21DCBEC500BAA9B6 /* GameScene.swift in Sources */ = {isa = PBXBuildFile; fileRef = 8384A0CC21DCBEC500BAA9B6 /* GameScene.swift */; };
		8384A0CF21DCBEC500BAA9B6 /* GameViewController.swift in Sources */ = {isa = PBXBuildFile; fileRef = 8384A0CE21DCBEC500BAA9B6 /* GameViewController.swift */; };
		8384A0D221DCBEC500BAA9B6 /* Main.storyboard in Resources */ = {isa = PBXBuildFile; fileRef = 8384A0D021DCBEC500BAA9B6 /* Main.storyboard */; };
		8384A0D421DCBEC600BAA9B6 /* Assets.xcassets in Resources */ = {isa = PBXBuildFile; fileRef = 8384A0D321DCBEC600BAA9B6 /* Assets.xcassets */; };
		8384A0D721DCBEC600BAA9B6 /* LaunchScreen.storyboard in Resources */ = {isa = PBXBuildFile; fileRef = 8384A0D521DCBEC600BAA9B6 /* LaunchScreen.storyboard */; };
		838F256F21E970E3003ADC9B /* Test1.swift in Sources */ = {isa = PBXBuildFile; fileRef = 838F256E21E970E3003ADC9B /* Test1.swift */; };
		838F257121E991F4003ADC9B /* Planet1.swift in Sources */ = {isa = PBXBuildFile; fileRef = 838F257021E991F4003ADC9B /* Planet1.swift */; };
		83AF943F21DF3615001DB350 /* SwiftyJSON.framework in Frameworks */ = {isa = PBXBuildFile; fileRef = 83AF943E21DF3615001DB350 /* SwiftyJSON.framework */; };
		83AF944021DF361E001DB350 /* SwiftyJSON.framework in Frameworks */ = {isa = PBXBuildFile; fileRef = 83AF943E21DF3615001DB350 /* SwiftyJSON.framework */; };
		83AF944121DF361E001DB350 /* SwiftyJSON.framework in Embed Frameworks */ = {isa = PBXBuildFile; fileRef = 83AF943E21DF3615001DB350 /* SwiftyJSON.framework */; settings = {ATTRIBUTES = (CodeSignOnCopy, RemoveHeadersOnCopy, ); }; };
/* End PBXBuildFile section */

/* Begin PBXCopyFilesBuildPhase section */
		83AF944221DF361E001DB350 /* Embed Frameworks */ = {
			isa = PBXCopyFilesBuildPhase;
			buildActionMask = 2147483647;
			dstPath = "";
			dstSubfolderSpec = 10;
			files = (
				83AF944121DF361E001DB350 /* SwiftyJSON.framework in Embed Frameworks */,
			);
			name = "Embed Frameworks";
			runOnlyForDeploymentPostprocessing = 0;
		};
/* End PBXCopyFilesBuildPhase section */

/* Begin PBXFileReference section */
		83465DDC21E051D800162D78 /* j_t1.json */ = {isa = PBXFileReference; fileEncoding = 4; lastKnownFileType = text.json; path = j_t1.json; sourceTree = "<group>"; };
		834D478E21DF2755008EDBFA /* SH_ty2.json */ = {isa = PBXFileReference; fileEncoding = 4; lastKnownFileType = text.json; path = SH_ty2.json; sourceTree = "<group>"; };
		8350A44721EAB7BC00B3DA5A /* PlanetMaking.swift */ = {isa = PBXFileReference; lastKnownFileType = sourcecode.swift; path = PlanetMaking.swift; sourceTree = "<group>"; };
		8350A44921EAC9F500B3DA5A /* EndlessGird.swift */ = {isa = PBXFileReference; lastKnownFileType = sourcecode.swift; path = EndlessGird.swift; sourceTree = "<group>"; };
		83649CA021E300B4003177FA /* XuGameClass.swift */ = {isa = PBXFileReference; lastKnownFileType = sourcecode.swift; path = XuGameClass.swift; sourceTree = "<group>"; };
		83649CA221E33EE2003177FA /* File.stringsdict */ = {isa = PBXFileReference; lastKnownFileType = text.plist.stringsdict; path = File.stringsdict; sourceTree = "<group>"; };
		83649CA421E33F6B003177FA /* learn.md */ = {isa = PBXFileReference; lastKnownFileType = net.daringfireball.markdown; path = learn.md; sourceTree = "<group>"; };
		83649CA721E60347003177FA /* MyTileSet.sks */ = {isa = PBXFileReference; lastKnownFileType = file.sks; path = MyTileSet.sks; sourceTree = "<group>"; };
		83649CA921E6C8B5003177FA /* t1.swift */ = {isa = PBXFileReference; lastKnownFileType = sourcecode.swift; path = t1.swift; sourceTree = "<group>"; };
		83649CAB21E82CD7003177FA /* StartScene.swift */ = {isa = PBXFileReference; lastKnownFileType = sourcecode.swift; path = StartScene.swift; sourceTree = "<group>"; };
		83649CAE21E83072003177FA /* StartViewController.swift */ = {isa = PBXFileReference; lastKnownFileType = sourcecode.swift; path = StartViewController.swift; sourceTree = "<group>"; };
		8384A0C321DCBEC500BAA9B6 /* my_game_1.app */ = {isa = PBXFileReference; explicitFileType = wrapper.application; includeInIndex = 0; path = my_game_1.app; sourceTree = BUILT_PRODUCTS_DIR; };
		8384A0C621DCBEC500BAA9B6 /* AppDelegate.swift */ = {isa = PBXFileReference; lastKnownFileType = sourcecode.swift; path = AppDelegate.swift; sourceTree = "<group>"; };
		8384A0C821DCBEC500BAA9B6 /* GameScene.sks */ = {isa = PBXFileReference; lastKnownFileType = file.sks; path = GameScene.sks; sourceTree = "<group>"; };
		8384A0CA21DCBEC500BAA9B6 /* Actions.sks */ = {isa = PBXFileReference; lastKnownFileType = file.sks; path = Actions.sks; sourceTree = "<group>"; };
		8384A0CC21DCBEC500BAA9B6 /* GameScene.swift */ = {isa = PBXFileReference; lastKnownFileType = sourcecode.swift; path = GameScene.swift; sourceTree = "<group>"; };
		8384A0CE21DCBEC500BAA9B6 /* GameViewController.swift */ = {isa = PBXFileReference; lastKnownFileType = sourcecode.swift; path = GameViewController.swift; sourceTree = "<group>"; };
		8384A0D121DCBEC500BAA9B6 /* Base */ = {isa = PBXFileReference; lastKnownFileType = file.storyboard; name = Base; path = Base.lproj/Main.storyboard; sourceTree = "<group>"; };
		8384A0D321DCBEC600BAA9B6 /* Assets.xcassets */ = {isa = PBXFileReference; lastKnownFileType = folder.assetcatalog; path = Assets.xcassets; sourceTree = "<group>"; };
		8384A0D621DCBEC600BAA9B6 /* Base */ = {isa = PBXFileReference; lastKnownFileType = file.storyboard; name = Base; path = Base.lproj/LaunchScreen.storyboard; sourceTree = "<group>"; };
		8384A0D821DCBEC600BAA9B6 /* Info.plist */ = {isa = PBXFileReference; lastKnownFileType = text.plist.xml; path = Info.plist; sourceTree = "<group>"; };
		838F256E21E970E3003ADC9B /* Test1.swift */ = {isa = PBXFileReference; lastKnownFileType = sourcecode.swift; path = Test1.swift; sourceTree = "<group>"; };
		838F257021E991F4003ADC9B /* Planet1.swift */ = {isa = PBXFileReference; lastKnownFileType = sourcecode.swift; path = Planet1.swift; sourceTree = "<group>"; };
		83AF943E21DF3615001DB350 /* SwiftyJSON.framework */ = {isa = PBXFileReference; lastKnownFileType = wrapper.framework; name = SwiftyJSON.framework; path = Carthage/Build/iOS/SwiftyJSON.framework; sourceTree = "<group>"; };
/* End PBXFileReference section */

/* Begin PBXFrameworksBuildPhase section */
		8384A0C021DCBEC500BAA9B6 /* Frameworks */ = {
			isa = PBXFrameworksBuildPhase;
			buildActionMask = 2147483647;
			files = (
				83AF944021DF361E001DB350 /* SwiftyJSON.framework in Frameworks */,
				83AF943F21DF3615001DB350 /* SwiftyJSON.framework in Frameworks */,
			);
			runOnlyForDeploymentPostprocessing = 0;
		};
/* End PBXFrameworksBuildPhase section */

/* Begin PBXGroup section */
		83649CA521E34280003177FA /* data */ = {
			isa = PBXGroup;
			children = (
				834D478E21DF2755008EDBFA /* SH_ty2.json */,
				83465DDC21E051D800162D78 /* j_t1.json */,
			);
			path = data;
			sourceTree = "<group>";
		};
		83649CA621E34294003177FA /* core */ = {
			isa = PBXGroup;
			children = (
				83649CA021E300B4003177FA /* XuGameClass.swift */,
			);
			path = core;
			sourceTree = "<group>";
		};
		83649CAD21E82CE4003177FA /* Scenes */ = {
			isa = PBXGroup;
			children = (
				8384A0C821DCBEC500BAA9B6 /* GameScene.sks */,
				8384A0CC21DCBEC500BAA9B6 /* GameScene.swift */,
				83649CAB21E82CD7003177FA /* StartScene.swift */,
				8350A44921EAC9F500B3DA5A /* EndlessGird.swift */,
				8350A44721EAB7BC00B3DA5A /* PlanetMaking.swift */,
				838F257021E991F4003ADC9B /* Planet1.swift */,
				838F256E21E970E3003ADC9B /* Test1.swift */,
			);
			path = Scenes;
			sourceTree = "<group>";
		};
		8384A0BA21DCBEC500BAA9B6 = {
			isa = PBXGroup;
			children = (
				8384A0C521DCBEC500BAA9B6 /* my_game_1 */,
				8384A0C421DCBEC500BAA9B6 /* Products */,
				83AF943921DF3444001DB350 /* Frameworks */,
			);
			sourceTree = "<group>";
		};
		8384A0C421DCBEC500BAA9B6 /* Products */ = {
			isa = PBXGroup;
			children = (
				8384A0C321DCBEC500BAA9B6 /* my_game_1.app */,
			);
			name = Products;
			sourceTree = "<group>";
		};
		8384A0C521DCBEC500BAA9B6 /* my_game_1 */ = {
			isa = PBXGroup;
			children = (
				83649CAD21E82CE4003177FA /* Scenes */,
				83649CA621E34294003177FA /* core */,
				83649CA521E34280003177FA /* data */,
				83649CA721E60347003177FA /* MyTileSet.sks */,
				8384A0C621DCBEC500BAA9B6 /* AppDelegate.swift */,
				83649CA921E6C8B5003177FA /* t1.swift */,
				8384A0CA21DCBEC500BAA9B6 /* Actions.sks */,
				8384A0CE21DCBEC500BAA9B6 /* GameViewController.swift */,
				83649CAE21E83072003177FA /* StartViewController.swift */,
				8384A0D021DCBEC500BAA9B6 /* Main.storyboard */,
				8384A0D321DCBEC600BAA9B6 /* Assets.xcassets */,
				8384A0D521DCBEC600BAA9B6 /* LaunchScreen.storyboard */,
				83649CA221E33EE2003177FA /* File.stringsdict */,
				83649CA421E33F6B003177FA /* learn.md */,
				8384A0D821DCBEC600BAA9B6 /* Info.plist */,
			);
			path = my_game_1;
			sourceTree = "<group>";
		};
		83AF943921DF3444001DB350 /* Frameworks */ = {
			isa = PBXGroup;
			children = (
				83AF943E21DF3615001DB350 /* SwiftyJSON.framework */,
			);
			name = Frameworks;
			sourceTree = "<group>";
		};
/* End PBXGroup section */

/* Begin PBXNativeTarget section */
		8384A0C221DCBEC500BAA9B6 /* my_game_1 */ = {
			isa = PBXNativeTarget;
			buildConfigurationList = 8384A0DB21DCBEC600BAA9B6 /* Build configuration list for PBXNativeTarget "my_game_1" */;
			buildPhases = (
				8384A0BF21DCBEC500BAA9B6 /* Sources */,
				8384A0C021DCBEC500BAA9B6 /* Frameworks */,
				8384A0C121DCBEC500BAA9B6 /* Resources */,
				83AF944221DF361E001DB350 /* Embed Frameworks */,
			);
			buildRules = (
			);
			dependencies = (
			);
			name = my_game_1;
			productName = my_game_1;
			productReference = 8384A0C321DCBEC500BAA9B6 /* my_game_1.app */;
			productType = "com.apple.product-type.application";
		};
/* End PBXNativeTarget section */

/* Begin PBXProject section */
		8384A0BB21DCBEC500BAA9B6 /* Project object */ = {
			isa = PBXProject;
			attributes = {
				LastSwiftUpdateCheck = 1010;
				LastUpgradeCheck = 1010;
				ORGANIZATIONNAME = xuhua;
				TargetAttributes = {
					8384A0C221DCBEC500BAA9B6 = {
						CreatedOnToolsVersion = 10.1;
					};
				};
			};
			buildConfigurationList = 8384A0BE21DCBEC500BAA9B6 /* Build configuration list for PBXProject "my_game_1" */;
			compatibilityVersion = "Xcode 9.3";
			developmentRegion = en;
			hasScannedForEncodings = 0;
			knownRegions = (
				en,
				Base,
			);
			mainGroup = 8384A0BA21DCBEC500BAA9B6;
			productRefGroup = 8384A0C421DCBEC500BAA9B6 /* Products */;
			projectDirPath = "";
			projectRoot = "";
			targets = (
				8384A0C221DCBEC500BAA9B6 /* my_game_1 */,
			);
		};
/* End PBXProject section */

/* Begin PBXResourcesBuildPhase section */
		8384A0C121DCBEC500BAA9B6 /* Resources */ = {
			isa = PBXResourcesBuildPhase;
			buildActionMask = 2147483647;
			files = (
				8384A0D221DCBEC500BAA9B6 /* Main.storyboard in Resources */,
				8384A0C921DCBEC500BAA9B6 /* GameScene.sks in Resources */,
				83465DDD21E051D800162D78 /* j_t1.json in Resources */,
				8384A0D421DCBEC600BAA9B6 /* Assets.xcassets in Resources */,
				83649CA321E33EE2003177FA /* File.stringsdict in Resources */,
				8384A0D721DCBEC600BAA9B6 /* LaunchScreen.storyboard in Resources */,
				83649CA821E60347003177FA /* MyTileSet.sks in Resources */,
				834D478F21DF2755008EDBFA /* SH_ty2.json in Resources */,
				8384A0CB21DCBEC500BAA9B6 /* Actions.sks in Resources */,
			);
			runOnlyForDeploymentPostprocessing = 0;
		};
/* End PBXResourcesBuildPhase section */

/* Begin PBXSourcesBuildPhase section */
		8384A0BF21DCBEC500BAA9B6 /* Sources */ = {
			isa = PBXSourcesBuildPhase;
			buildActionMask = 2147483647;
			files = (
				8384A0CD21DCBEC500BAA9B6 /* GameScene.swift in Sources */,
				83649CAF21E83072003177FA /* StartViewController.swift in Sources */,
				83649CAC21E82CD7003177FA /* StartScene.swift in Sources */,
				838F257121E991F4003ADC9B /* Planet1.swift in Sources */,
				83649CA121E300B4003177FA /* XuGameClass.swift in Sources */,
				8350A44A21EAC9F500B3DA5A /* EndlessGird.swift in Sources */,
				83649CAA21E6C8B5003177FA /* t1.swift in Sources */,
				8384A0CF21DCBEC500BAA9B6 /* GameViewController.swift in Sources */,
				8350A44821EAB7BC00B3DA5A /* PlanetMaking.swift in Sources */,
				8384A0C721DCBEC500BAA9B6 /* AppDelegate.swift in Sources */,
				838F256F21E970E3003ADC9B /* Test1.swift in Sources */,
			);
			runOnlyForDeploymentPostprocessing = 0;
		};
/* End PBXSourcesBuildPhase section */

/* Begin PBXVariantGroup section */
		8384A0D021DCBEC500BAA9B6 /* Main.storyboard */ = {
			isa = PBXVariantGroup;
			children = (
				8384A0D121DCBEC500BAA9B6 /* Base */,
			);
			name = Main.storyboard;
			sourceTree = "<group>";
		};
		8384A0D521DCBEC600BAA9B6 /* LaunchScreen.storyboard */ = {
			isa = PBXVariantGroup;
			children = (
				8384A0D621DCBEC600BAA9B6 /* Base */,
			);
			name = LaunchScreen.storyboard;
			sourceTree = "<group>";
		};
/* End PBXVariantGroup section */

/* Begin XCBuildConfiguration section */
		8384A0D921DCBEC600BAA9B6 /* Debug */ = {
			isa = XCBuildConfiguration;
			buildSettings = {
				ALWAYS_SEARCH_USER_PATHS = NO;
				CLANG_ANALYZER_NONNULL = YES;
				CLANG_ANALYZER_NUMBER_OBJECT_CONVERSION = YES_AGGRESSIVE;
				CLANG_CXX_LANGUAGE_STANDARD = "gnu++14";
				CLANG_CXX_LIBRARY = "libc++";
				CLANG_ENABLE_MODULES = YES;
				CLANG_ENABLE_OBJC_ARC = YES;
				CLANG_ENABLE_OBJC_WEAK = YES;
				CLANG_WARN_BLOCK_CAPTURE_AUTORELEASING = YES;
				CLANG_WARN_BOOL_CONVERSION = YES;
				CLANG_WARN_COMMA = YES;
				CLANG_WARN_CONSTANT_CONVERSION = YES;
				CLANG_WARN_DEPRECATED_OBJC_IMPLEMENTATIONS = YES;
				CLANG_WARN_DIRECT_OBJC_ISA_USAGE = YES_ERROR;
				CLANG_WARN_DOCUMENTATION_COMMENTS = YES;
				CLANG_WARN_EMPTY_BODY = YES;
				CLANG_WARN_ENUM_CONVERSION = YES;
				CLANG_WARN_INFINITE_RECURSION = YES;
				CLANG_WARN_INT_CONVERSION = YES;
				CLANG_WARN_NON_LITERAL_NULL_CONVERSION = YES;
				CLANG_WARN_OBJC_IMPLICIT_RETAIN_SELF = YES;
				CLANG_WARN_OBJC_LITERAL_CONVERSION = YES;
				CLANG_WARN_OBJC_ROOT_CLASS = YES_ERROR;
				CLANG_WARN_RANGE_LOOP_ANALYSIS = YES;
				CLANG_WARN_STRICT_PROTOTYPES = YES;
				CLANG_WARN_SUSPICIOUS_MOVE = YES;
				CLANG_WARN_UNGUARDED_AVAILABILITY = YES_AGGRESSIVE;
				CLANG_WARN_UNREACHABLE_CODE = YES;
				CLANG_WARN__DUPLICATE_METHOD_MATCH = YES;
				CODE_SIGN_IDENTITY = "iPhone Developer";
				COPY_PHASE_STRIP = NO;
				DEBUG_INFORMATION_FORMAT = dwarf;
				ENABLE_STRICT_OBJC_MSGSEND = YES;
				ENABLE_TESTABILITY = YES;
				GCC_C_LANGUAGE_STANDARD = gnu11;
				GCC_DYNAMIC_NO_PIC = NO;
				GCC_NO_COMMON_BLOCKS = YES;
				GCC_OPTIMIZATION_LEVEL = 0;
				GCC_PREPROCESSOR_DEFINITIONS = (
					"DEBUG=1",
					"$(inherited)",
				);
				GCC_WARN_64_TO_32_BIT_CONVERSION = YES;
				GCC_WARN_ABOUT_RETURN_TYPE = YES_ERROR;
				GCC_WARN_UNDECLARED_SELECTOR = YES;
				GCC_WARN_UNINITIALIZED_AUTOS = YES_AGGRESSIVE;
				GCC_WARN_UNUSED_FUNCTION = YES;
				GCC_WARN_UNUSED_VARIABLE = YES;
				IPHONEOS_DEPLOYMENT_TARGET = 12.1;
				MTL_ENABLE_DEBUG_INFO = INCLUDE_SOURCE;
				MTL_FAST_MATH = YES;
				ONLY_ACTIVE_ARCH = YES;
				SDKROOT = iphoneos;
				SWIFT_ACTIVE_COMPILATION_CONDITIONS = DEBUG;
				SWIFT_OPTIMIZATION_LEVEL = "-Onone";
			};
			name = Debug;
		};
		8384A0DA21DCBEC600BAA9B6 /* Release */ = {
			isa = XCBuildConfiguration;
			buildSettings = {
				ALWAYS_SEARCH_USER_PATHS = NO;
				CLANG_ANALYZER_NONNULL = YES;
				CLANG_ANALYZER_NUMBER_OBJECT_CONVERSION = YES_AGGRESSIVE;
				CLANG_CXX_LANGUAGE_STANDARD = "gnu++14";
				CLANG_CXX_LIBRARY = "libc++";
				CLANG_ENABLE_MODULES = YES;
				CLANG_ENABLE_OBJC_ARC = YES;
				CLANG_ENABLE_OBJC_WEAK = YES;
				CLANG_WARN_BLOCK_CAPTURE_AUTORELEASING = YES;
				CLANG_WARN_BOOL_CONVERSION = YES;
				CLANG_WARN_COMMA = YES;
				CLANG_WARN_CONSTANT_CONVERSION = YES;
				CLANG_WARN_DEPRECATED_OBJC_IMPLEMENTATIONS = YES;
				CLANG_WARN_DIRECT_OBJC_ISA_USAGE = YES_ERROR;
				CLANG_WARN_DOCUMENTATION_COMMENTS = YES;
				CLANG_WARN_EMPTY_BODY = YES;
				CLANG_WARN_ENUM_CONVERSION = YES;
				CLANG_WARN_INFINITE_RECURSION = YES;
				CLANG_WARN_INT_CONVERSION = YES;
				CLANG_WARN_NON_LITERAL_NULL_CONVERSION = YES;
				CLANG_WARN_OBJC_IMPLICIT_RETAIN_SELF = YES;
				CLANG_WARN_OBJC_LITERAL_CONVERSION = YES;
				CLANG_WARN_OBJC_ROOT_CLASS = YES_ERROR;
				CLANG_WARN_RANGE_LOOP_ANALYSIS = YES;
				CLANG_WARN_STRICT_PROTOTYPES = YES;
				CLANG_WARN_SUSPICIOUS_MOVE = YES;
				CLANG_WARN_UNGUARDED_AVAILABILITY = YES_AGGRESSIVE;
				CLANG_WARN_UNREACHABLE_CODE = YES;
				CLANG_WARN__DUPLICATE_METHOD_MATCH = YES;
				CODE_SIGN_IDENTITY = "iPhone Developer";
				COPY_PHASE_STRIP = NO;
				DEBUG_INFORMATION_FORMAT = "dwarf-with-dsym";
				ENABLE_NS_ASSERTIONS = NO;
				ENABLE_STRICT_OBJC_MSGSEND = YES;
				GCC_C_LANGUAGE_STANDARD = gnu11;
				GCC_NO_COMMON_BLOCKS = YES;
				GCC_WARN_64_TO_32_BIT_CONVERSION = YES;
				GCC_WARN_ABOUT_RETURN_TYPE = YES_ERROR;
				GCC_WARN_UNDECLARED_SELECTOR = YES;
				GCC_WARN_UNINITIALIZED_AUTOS = YES_AGGRESSIVE;
				GCC_WARN_UNUSED_FUNCTION = YES;
				GCC_WARN_UNUSED_VARIABLE = YES;
				IPHONEOS_DEPLOYMENT_TARGET = 12.1;
				MTL_ENABLE_DEBUG_INFO = NO;
				MTL_FAST_MATH = YES;
				SDKROOT = iphoneos;
				SWIFT_COMPILATION_MODE = wholemodule;
				SWIFT_OPTIMIZATION_LEVEL = "-O";
				VALIDATE_PRODUCT = YES;
			};
			name = Release;
		};
		8384A0DC21DCBEC600BAA9B6 /* Debug */ = {
			isa = XCBuildConfiguration;
			buildSettings = {
				ASSETCATALOG_COMPILER_APPICON_NAME = AppIcon;
				CODE_SIGN_STYLE = Automatic;
				DEVELOPMENT_TEAM = 396WA53JNZ;
				FRAMEWORK_SEARCH_PATHS = (
					"$(inherited)",
					"$(PROJECT_DIR)/Carthage/Build/iOS",
				);
				INFOPLIST_FILE = my_game_1/Info.plist;
				LD_RUNPATH_SEARCH_PATHS = (
					"$(inherited)",
					"@executable_path/Frameworks",
				);
				PRODUCT_BUNDLE_IDENTIFIER = "hi.my-game-1";
				PRODUCT_NAME = "$(TARGET_NAME)";
				SWIFT_VERSION = 4.2;
				TARGETED_DEVICE_FAMILY = "1,2";
			};
			name = Debug;
		};
		8384A0DD21DCBEC600BAA9B6 /* Release */ = {
			isa = XCBuildConfiguration;
			buildSettings = {
				ASSETCATALOG_COMPILER_APPICON_NAME = AppIcon;
				CODE_SIGN_STYLE = Automatic;
				DEVELOPMENT_TEAM = 396WA53JNZ;
				FRAMEWORK_SEARCH_PATHS = (
					"$(inherited)",
					"$(PROJECT_DIR)/Carthage/Build/iOS",
				);
				INFOPLIST_FILE = my_game_1/Info.plist;
				LD_RUNPATH_SEARCH_PATHS = (
					"$(inherited)",
					"@executable_path/Frameworks",
				);
				PRODUCT_BUNDLE_IDENTIFIER = "hi.my-game-1";
				PRODUCT_NAME = "$(TARGET_NAME)";
				SWIFT_VERSION = 4.2;
				TARGETED_DEVICE_FAMILY = "1,2";
			};
			name = Release;
		};
/* End XCBuildConfiguration section */

/* Begin XCConfigurationList section */
		8384A0BE21DCBEC500BAA9B6 /* Build configuration list for PBXProject "my_game_1" */ = {
			isa = XCConfigurationList;
			buildConfigurations = (
				8384A0D921DCBEC600BAA9B6 /* Debug */,
				8384A0DA21DCBEC600BAA9B6 /* Release */,
			);
			defaultConfigurationIsVisible = 0;
			defaultConfigurationName = Release;
		};
		8384A0DB21DCBEC600BAA9B6 /* Build configuration list for PBXNativeTarget "my_game_1" */ = {
			isa = XCConfigurationList;
			buildConfigurations = (
				8384A0DC21DCBEC600BAA9B6 /* Debug */,
				8384A0DD21DCBEC600BAA9B6 /* Release */,
			);
			defaultConfigurationIsVisible = 0;
			defaultConfigurationName = Release;
		};
/* End XCConfigurationList section */
	};
	rootObject = 8384A0BB21DCBEC500BAA9B6 /* Project object */;
}
